
Microsoft Visual Studio Solution File, Format Version 12.00
# Visual Studio Version 17
VisualStudioVersion = 17.12.35707.178 d17.12
MinimumVisualStudioVersion = 10.0.40219.1
Project("{FAE04EC0-301F-11D3-BF4B-00C04F79EFBC}") = "Paginas", "Paginas\Paginas.csproj", "{717B725D-3A98-4529-B141-6310A7F237AA}"
EndProject
Project("{FAE04EC0-301F-11D3-BF4B-00C04F79EFBC}") = "Clases", "Clases\Clases.csproj", "{42E10B78-0426-4424-B83E-BA2BAE2556D7}"
EndProject
Project("{FAE04EC0-301F-11D3-BF4B-00C04F79EFBC}") = "ClasesNegocio", "ClasesNegocio\ClasesNegocio.csproj", "{4F3F0A8E-97CD-480D-94A3-B54A70564417}"
EndProject
Global
	GlobalSection(SolutionConfigurationPlatforms) = preSolution
		Debug|Any CPU = Debug|Any CPU
		Release|Any CPU = Release|Any CPU
	EndGlobalSection
	GlobalSection(ProjectConfigurationPlatforms) = postSolution
		{717B725D-3A98-4529-B141-6310A7F237AA}.Debug|Any CPU.ActiveCfg = Debug|Any CPU
		{717B725D-3A98-4529-B141-6310A7F237AA}.Debug|Any CPU.Build.0 = Debug|Any CPU
		{717B725D-3A98-4529-B141-6310A7F237AA}.Release|Any CPU.ActiveCfg = Release|Any CPU
		{717B725D-3A98-4529-B141-6310A7F237AA}.Release|Any CPU.Build.0 = Release|Any CPU
		{42E10B78-0426-4424-B83E-BA2BAE2556D7}.Debug|Any CPU.ActiveCfg = Debug|Any CPU
		{42E10B78-0426-4424-B83E-BA2BAE2556D7}.Debug|Any CPU.Build.0 = Debug|Any CPU
		{42E10B78-0426-4424-B83E-BA2BAE2556D7}.Release|Any CPU.ActiveCfg = Release|Any CPU
		{42E10B78-0426-4424-B83E-BA2BAE2556D7}.Release|Any CPU.Build.0 = Release|Any CPU
		{4F3F0A8E-97CD-480D-94A3-B54A70564417}.Debug|Any CPU.ActiveCfg = Debug|Any CPU
		{4F3F0A8E-97CD-480D-94A3-B54A70564417}.Debug|Any CPU.Build.0 = Debug|Any CPU
		{4F3F0A8E-97CD-480D-94A3-B54A70564417}.Release|Any CPU.ActiveCfg = Release|Any CPU
		{4F3F0A8E-97CD-480D-94A3-B54A70564417}.Release|Any CPU.Build.0 = Release|Any CPU
	EndGlobalSection
	GlobalSection(SolutionProperties) = preSolution
		HideSolutionNode = FALSE
	EndGlobalSection
EndGlobal
